// !$*UTF8*$!
{
	archiveVersion = 1;
	classes = {
	};
	objectVersion = 56;
	objects = {

/* Begin PBXContainerItemProxy section */
		3974E67E2B08B3F3003C408E /* PBXContainerItemProxy */ = {
			isa = PBXContainerItemProxy;
			containerPortal = 3974E6782B08B3F3003C408E /* CorporateTestflightClient.xcodeproj */;
			proxyType = 2;
			remoteGlobalIDString = 3974E64B2B08B3F0003C408E;
			remoteInfo = CorporateTestflightClient;
		};
		3974E6802B08B3F3003C408E /* PBXContainerItemProxy */ = {
			isa = PBXContainerItemProxy;
			containerPortal = 3974E6782B08B3F3003C408E /* CorporateTestflightClient.xcodeproj */;
			proxyType = 2;
			remoteGlobalIDString = 3974E65B2B08B3F3003C408E;
			remoteInfo = CorporateTestflightClientTests;
		};
		3974E6822B08B3F3003C408E /* PBXContainerItemProxy */ = {
			isa = PBXContainerItemProxy;
			containerPortal = 3974E6782B08B3F3003C408E /* CorporateTestflightClient.xcodeproj */;
			proxyType = 2;
			remoteGlobalIDString = 3974E6652B08B3F3003C408E;
			remoteInfo = CorporateTestflightClientUITests;
		};
/* End PBXContainerItemProxy section */

/* Begin PBXFileReference section */
		3974E6782B08B3F3003C408E /* CorporateTestflightClient.xcodeproj */ = {isa = PBXFileReference; lastKnownFileType = "wrapper.pb-project"; name = CorporateTestflightClient.xcodeproj; path = ../CorporateTestflightClient/CorporateTestflightClient.xcodeproj; sourceTree = "<group>"; };
		3980C9D22B08B37900DAFC99 /* CorporateTestflightBackend */ = {isa = PBXFileReference; lastKnownFileType = wrapper; name = CorporateTestflightBackend; path = ../CorporateTestflightBackend; sourceTree = "<group>"; };
/* End PBXFileReference section */

/* Begin PBXGroup section */
		3974E6792B08B3F3003C408E /* Products */ = {
			isa = PBXGroup;
			children = (
				3974E67F2B08B3F3003C408E /* CorporateTestflightClient.app */,
				3974E6812B08B3F3003C408E /* CorporateTestflightClientTests.xctest */,
				3974E6832B08B3F3003C408E /* CorporateTestflightClientUITests.xctest */,
			);
			name = Products;
			sourceTree = "<group>";
		};
		3980C9C82B08B36700DAFC99 = {
			isa = PBXGroup;
			children = (
				3980C9D22B08B37900DAFC99 /* CorporateTestflightBackend */,
				3974E6782B08B3F3003C408E /* CorporateTestflightClient.xcodeproj */,
			);
			sourceTree = "<group>";
		};
/* End PBXGroup section */

/* Begin PBXProject section */
		3980C9C92B08B36700DAFC99 /* Project object */ = {
			isa = PBXProject;
			attributes = {
				BuildIndependentTargetsInParallel = 1;
				LastUpgradeCheck = 1500;
			};
			buildConfigurationList = 3980C9CC2B08B36700DAFC99 /* Build configuration list for PBXProject "CorporateTestflightPlatform" */;
			compatibilityVersion = "Xcode 14.0";
			developmentRegion = en;
			hasScannedForEncodings = 0;
			knownRegions = (
				en,
				Base,
			);
			mainGroup = 3980C9C82B08B36700DAFC99;
			projectDirPath = "";
			projectReferences = (
				{
					ProductGroup = 3974E6792B08B3F3003C408E /* Products */;
					ProjectRef = 3974E6782B08B3F3003C408E /* CorporateTestflightClient.xcodeproj */;
				},
			);
			projectRoot = "";
			targets = (
			);
		};
/* End PBXProject section */

/* Begin PBXReferenceProxy section */
		3974E67F2B08B3F3003C408E /* CorporateTestflightClient.app */ = {
			isa = PBXReferenceProxy;
			fileType = wrapper.application;
			path = CorporateTestflightClient.app;
			remoteRef = 3974E67E2B08B3F3003C408E /* PBXContainerItemProxy */;
			sourceTree = BUILT_PRODUCTS_DIR;
		};
		3974E6812B08B3F3003C408E /* CorporateTestflightClientTests.xctest */ = {
			isa = PBXReferenceProxy;
			fileType = wrapper.cfbundle;
			path = CorporateTestflightClientTests.xctest;
			remoteRef = 3974E6802B08B3F3003C408E /* PBXContainerItemProxy */;
			sourceTree = BUILT_PRODUCTS_DIR;
		};
		3974E6832B08B3F3003C408E /* CorporateTestflightClientUITests.xctest */ = {
			isa = PBXReferenceProxy;
			fileType = wrapper.cfbundle;
			path = CorporateTestflightClientUITests.xctest;
			remoteRef = 3974E6822B08B3F3003C408E /* PBXContainerItemProxy */;
			sourceTree = BUILT_PRODUCTS_DIR;
		};
/* End PBXReferenceProxy section */

/* Begin XCBuildConfiguration section */
		3980C9CD2B08B36700DAFC99 /* Debug */ = {
			isa = XCBuildConfiguration;
			buildSettings = {
			};
			name = Debug;
		};
		3980C9CE2B08B36700DAFC99 /* Release */ = {
			isa = XCBuildConfiguration;
			buildSettings = {
			};
			name = Release;
		};
/* End XCBuildConfiguration section */

/* Begin XCConfigurationList section */
		3980C9CC2B08B36700DAFC99 /* Build configuration list for PBXProject "CorporateTestflightPlatform" */ = {
			isa = XCConfigurationList;
			buildConfigurations = (
				3980C9CD2B08B36700DAFC99 /* Debug */,
				3980C9CE2B08B36700DAFC99 /* Release */,
			);
			defaultConfigurationIsVisible = 0;
			defaultConfigurationName = Release;
		};
/* End XCConfigurationList section */
	};
	rootObject = 3980C9C92B08B36700DAFC99 /* Project object */;
}
