// !$*UTF8*$!
{
	archiveVersion = 1;
	classes = {
	};
	objectVersion = 56;
	objects = {

/* Begin PBXBuildFile section */
		397D9DDB2B20CFA400012C43 /* VersionDetailsView.swift in Sources */ = {isa = PBXBuildFile; fileRef = 397D9DDA2B20CFA400012C43 /* VersionDetailsView.swift */; };
		397D9DDD2B20CFB900012C43 /* VersionDetailsViewModel.swift in Sources */ = {isa = PBXBuildFile; fileRef = 397D9DDC2B20CFB900012C43 /* VersionDetailsViewModel.swift */; };
		397D9DE02B2330DA00012C43 /* TicketsRepository.swift in Sources */ = {isa = PBXBuildFile; fileRef = 397D9DDF2B2330DA00012C43 /* TicketsRepository.swift */; };
		397D9DE22B23499500012C43 /* VersionDetailsViewModel+State.swift in Sources */ = {isa = PBXBuildFile; fileRef = 397D9DE12B23499500012C43 /* VersionDetailsViewModel+State.swift */; };
		397D9DE62B235AE100012C43 /* TicketsCacheActor.swift in Sources */ = {isa = PBXBuildFile; fileRef = 397D9DE52B235AE100012C43 /* TicketsCacheActor.swift */; };
		397D9DEA2B2465B000012C43 /* VersionDetailsViewController.swift in Sources */ = {isa = PBXBuildFile; fileRef = 397D9DE92B2465B000012C43 /* VersionDetailsViewController.swift */; };
		397D9DEC2B2465D000012C43 /* VersionDetailsInteractor.swift in Sources */ = {isa = PBXBuildFile; fileRef = 397D9DEB2B2465D000012C43 /* VersionDetailsInteractor.swift */; };
		397D9DEE2B24665B00012C43 /* VersionDetailsPresenter.swift in Sources */ = {isa = PBXBuildFile; fileRef = 397D9DED2B24665B00012C43 /* VersionDetailsPresenter.swift */; };
		397FA8DD2B2B4F6800E24CAA /* VersionDetailsWorker.swift in Sources */ = {isa = PBXBuildFile; fileRef = 397FA8DC2B2B4F6800E24CAA /* VersionDetailsWorker.swift */; };
		397FA8DF2B2B528400E24CAA /* VersionDetailsViewController+Build.swift in Sources */ = {isa = PBXBuildFile; fileRef = 397FA8DE2B2B528400E24CAA /* VersionDetailsViewController+Build.swift */; };
		3998F2432B14ED0900D7CB90 /* VersionsListViewController.swift in Sources */ = {isa = PBXBuildFile; fileRef = 3998F2422B14ED0900D7CB90 /* VersionsListViewController.swift */; };
		3998F2452B14ED1100D7CB90 /* VersionsListInteractor.swift in Sources */ = {isa = PBXBuildFile; fileRef = 3998F2442B14ED1100D7CB90 /* VersionsListInteractor.swift */; };
		3998F2472B14ED1A00D7CB90 /* VersionsListPresenter.swift in Sources */ = {isa = PBXBuildFile; fileRef = 3998F2462B14ED1A00D7CB90 /* VersionsListPresenter.swift */; };
		3998F2492B14ED2700D7CB90 /* FetchProjectOverviewUseCase.swift in Sources */ = {isa = PBXBuildFile; fileRef = 3998F2482B14ED2700D7CB90 /* FetchProjectOverviewUseCase.swift */; };
		3998F24B2B14ED8E00D7CB90 /* VersionsListModels.swift in Sources */ = {isa = PBXBuildFile; fileRef = 3998F24A2B14ED8E00D7CB90 /* VersionsListModels.swift */; };
		3998F24D2B14EDD600D7CB90 /* VersionListCell.swift in Sources */ = {isa = PBXBuildFile; fileRef = 3998F24C2B14EDD600D7CB90 /* VersionListCell.swift */; };
		3998F24F2B14EEB200D7CB90 /* TestflightUIKit in Frameworks */ = {isa = PBXBuildFile; productRef = 3998F24E2B14EEB200D7CB90 /* TestflightUIKit */; };
		3998F2512B14F07300D7CB90 /* VersionsListViewController+Build.swift in Sources */ = {isa = PBXBuildFile; fileRef = 3998F2502B14F07300D7CB90 /* VersionsListViewController+Build.swift */; };
		3998F2552B18843700D7CB90 /* VersionsListCoordinator.swift in Sources */ = {isa = PBXBuildFile; fileRef = 3998F2542B18843700D7CB90 /* VersionsListCoordinator.swift */; };
		3998F2582B188C2800D7CB90 /* VersionsRepository.swift in Sources */ = {isa = PBXBuildFile; fileRef = 3998F2572B188C2800D7CB90 /* VersionsRepository.swift */; };
		39B116DA2B1E269B00909C09 /* ArchHelpers in Frameworks */ = {isa = PBXBuildFile; productRef = 39B116D92B1E269B00909C09 /* ArchHelpers */; };
		39B116DC2B1E272600909C09 /* ProjectsRepository.swift in Sources */ = {isa = PBXBuildFile; fileRef = 39B116DB2B1E272600909C09 /* ProjectsRepository.swift */; };
		39C3BFEF2B10B07A00F5D10D /* AppDelegate.swift in Sources */ = {isa = PBXBuildFile; fileRef = 39C3BFEE2B10B07A00F5D10D /* AppDelegate.swift */; };
		39C3BFF12B10B07A00F5D10D /* SceneDelegate.swift in Sources */ = {isa = PBXBuildFile; fileRef = 39C3BFF02B10B07A00F5D10D /* SceneDelegate.swift */; };
		39C3BFF82B10B07C00F5D10D /* Assets.xcassets in Resources */ = {isa = PBXBuildFile; fileRef = 39C3BFF72B10B07C00F5D10D /* Assets.xcassets */; };
		39C3BFFB2B10B07C00F5D10D /* LaunchScreen.storyboard in Resources */ = {isa = PBXBuildFile; fileRef = 39C3BFF92B10B07C00F5D10D /* LaunchScreen.storyboard */; };
		39C3C0062B10B07C00F5D10D /* CorporateTestflightClientTests.swift in Sources */ = {isa = PBXBuildFile; fileRef = 39C3C0052B10B07C00F5D10D /* CorporateTestflightClientTests.swift */; };
		39C3C0102B10B07C00F5D10D /* CorporateTestflightClientUITests.swift in Sources */ = {isa = PBXBuildFile; fileRef = 39C3C00F2B10B07C00F5D10D /* CorporateTestflightClientUITests.swift */; };
		39C3C0122B10B07C00F5D10D /* CorporateTestflightClientUITestsLaunchTests.swift in Sources */ = {isa = PBXBuildFile; fileRef = 39C3C0112B10B07C00F5D10D /* CorporateTestflightClientUITestsLaunchTests.swift */; };
		39C3C0202B10B0F000F5D10D /* TestflightNetworking in Frameworks */ = {isa = PBXBuildFile; productRef = 39C3C01F2B10B0F000F5D10D /* TestflightNetworking */; };
		39C3C0222B10B0F000F5D10D /* CorporateTestflightDomain in Frameworks */ = {isa = PBXBuildFile; productRef = 39C3C0212B10B0F000F5D10D /* CorporateTestflightDomain */; };
		39C3C0262B10B12200F5D10D /* AppCoordinator.swift in Sources */ = {isa = PBXBuildFile; fileRef = 39C3C0252B10B12200F5D10D /* AppCoordinator.swift */; };
		39C3C0282B10B14100F5D10D /* DependencyContainer.swift in Sources */ = {isa = PBXBuildFile; fileRef = 39C3C0272B10B14100F5D10D /* DependencyContainer.swift */; };
		39E93F682B2C837F005C9E1D /* VersionDetailsHeaderView.swift in Sources */ = {isa = PBXBuildFile; fileRef = 39E93F672B2C837F005C9E1D /* VersionDetailsHeaderView.swift */; };
		39E93F6A2B2C840E005C9E1D /* TicketView.swift in Sources */ = {isa = PBXBuildFile; fileRef = 39E93F692B2C840E005C9E1D /* TicketView.swift */; };
		39E93F6C2B2C8499005C9E1D /* VersionDetailsLoadingView.swift in Sources */ = {isa = PBXBuildFile; fileRef = 39E93F6B2B2C8499005C9E1D /* VersionDetailsLoadingView.swift */; };
		39E93F6E2B2C84FB005C9E1D /* VersionDetailsLoadedView.swift in Sources */ = {isa = PBXBuildFile; fileRef = 39E93F6D2B2C84FB005C9E1D /* VersionDetailsLoadedView.swift */; };
		39FAACA32B3C6E35004E564A /* MockFunc.swift in Sources */ = {isa = PBXBuildFile; fileRef = 39FAACA22B3C6E35004E564A /* MockFunc.swift */; };
		39FAACA52B3C72F6004E564A /* VersionsListInteractorTests.swift in Sources */ = {isa = PBXBuildFile; fileRef = 39FAACA42B3C72F6004E564A /* VersionsListInteractorTests.swift */; };
		39FAACA82B3C7381004E564A /* MockVersionsListPresenter.swift in Sources */ = {isa = PBXBuildFile; fileRef = 39FAACA72B3C7381004E564A /* MockVersionsListPresenter.swift */; };
		39FAACAA2B3C739F004E564A /* MockFetchProjectOverviewUseCase.swift in Sources */ = {isa = PBXBuildFile; fileRef = 39FAACA92B3C739F004E564A /* MockFetchProjectOverviewUseCase.swift */; };
/* End PBXBuildFile section */

/* Begin PBXContainerItemProxy section */
		39C3C0022B10B07C00F5D10D /* PBXContainerItemProxy */ = {
			isa = PBXContainerItemProxy;
			containerPortal = 39C3BFE32B10B07A00F5D10D /* Project object */;
			proxyType = 1;
			remoteGlobalIDString = 39C3BFEA2B10B07A00F5D10D;
			remoteInfo = CorporateTestflightClient;
		};
		39C3C00C2B10B07C00F5D10D /* PBXContainerItemProxy */ = {
			isa = PBXContainerItemProxy;
			containerPortal = 39C3BFE32B10B07A00F5D10D /* Project object */;
			proxyType = 1;
			remoteGlobalIDString = 39C3BFEA2B10B07A00F5D10D;
			remoteInfo = CorporateTestflightClient;
		};
/* End PBXContainerItemProxy section */

/* Begin PBXFileReference section */
		397D9DDA2B20CFA400012C43 /* VersionDetailsView.swift */ = {isa = PBXFileReference; lastKnownFileType = sourcecode.swift; path = VersionDetailsView.swift; sourceTree = "<group>"; };
		397D9DDC2B20CFB900012C43 /* VersionDetailsViewModel.swift */ = {isa = PBXFileReference; lastKnownFileType = sourcecode.swift; path = VersionDetailsViewModel.swift; sourceTree = "<group>"; };
		397D9DDF2B2330DA00012C43 /* TicketsRepository.swift */ = {isa = PBXFileReference; lastKnownFileType = sourcecode.swift; path = TicketsRepository.swift; sourceTree = "<group>"; };
		397D9DE12B23499500012C43 /* VersionDetailsViewModel+State.swift */ = {isa = PBXFileReference; lastKnownFileType = sourcecode.swift; path = "VersionDetailsViewModel+State.swift"; sourceTree = "<group>"; };
		397D9DE52B235AE100012C43 /* TicketsCacheActor.swift */ = {isa = PBXFileReference; lastKnownFileType = sourcecode.swift; path = TicketsCacheActor.swift; sourceTree = "<group>"; };
		397D9DE92B2465B000012C43 /* VersionDetailsViewController.swift */ = {isa = PBXFileReference; lastKnownFileType = sourcecode.swift; path = VersionDetailsViewController.swift; sourceTree = "<group>"; };
		397D9DEB2B2465D000012C43 /* VersionDetailsInteractor.swift */ = {isa = PBXFileReference; lastKnownFileType = sourcecode.swift; path = VersionDetailsInteractor.swift; sourceTree = "<group>"; };
		397D9DED2B24665B00012C43 /* VersionDetailsPresenter.swift */ = {isa = PBXFileReference; lastKnownFileType = sourcecode.swift; path = VersionDetailsPresenter.swift; sourceTree = "<group>"; };
		397FA8DC2B2B4F6800E24CAA /* VersionDetailsWorker.swift */ = {isa = PBXFileReference; lastKnownFileType = sourcecode.swift; path = VersionDetailsWorker.swift; sourceTree = "<group>"; };
		397FA8DE2B2B528400E24CAA /* VersionDetailsViewController+Build.swift */ = {isa = PBXFileReference; lastKnownFileType = sourcecode.swift; path = "VersionDetailsViewController+Build.swift"; sourceTree = "<group>"; };
		3998F2422B14ED0900D7CB90 /* VersionsListViewController.swift */ = {isa = PBXFileReference; lastKnownFileType = sourcecode.swift; path = VersionsListViewController.swift; sourceTree = "<group>"; };
		3998F2442B14ED1100D7CB90 /* VersionsListInteractor.swift */ = {isa = PBXFileReference; lastKnownFileType = sourcecode.swift; path = VersionsListInteractor.swift; sourceTree = "<group>"; };
		3998F2462B14ED1A00D7CB90 /* VersionsListPresenter.swift */ = {isa = PBXFileReference; lastKnownFileType = sourcecode.swift; path = VersionsListPresenter.swift; sourceTree = "<group>"; };
		3998F2482B14ED2700D7CB90 /* FetchProjectOverviewUseCase.swift */ = {isa = PBXFileReference; lastKnownFileType = sourcecode.swift; path = FetchProjectOverviewUseCase.swift; sourceTree = "<group>"; };
		3998F24A2B14ED8E00D7CB90 /* VersionsListModels.swift */ = {isa = PBXFileReference; lastKnownFileType = sourcecode.swift; path = VersionsListModels.swift; sourceTree = "<group>"; };
		3998F24C2B14EDD600D7CB90 /* VersionListCell.swift */ = {isa = PBXFileReference; lastKnownFileType = sourcecode.swift; path = VersionListCell.swift; sourceTree = "<group>"; };
		3998F2502B14F07300D7CB90 /* VersionsListViewController+Build.swift */ = {isa = PBXFileReference; lastKnownFileType = sourcecode.swift; path = "VersionsListViewController+Build.swift"; sourceTree = "<group>"; };
		3998F2542B18843700D7CB90 /* VersionsListCoordinator.swift */ = {isa = PBXFileReference; lastKnownFileType = sourcecode.swift; path = VersionsListCoordinator.swift; sourceTree = "<group>"; };
		3998F2572B188C2800D7CB90 /* VersionsRepository.swift */ = {isa = PBXFileReference; lastKnownFileType = sourcecode.swift; path = VersionsRepository.swift; sourceTree = "<group>"; };
		39B116DB2B1E272600909C09 /* ProjectsRepository.swift */ = {isa = PBXFileReference; lastKnownFileType = sourcecode.swift; path = ProjectsRepository.swift; sourceTree = "<group>"; };
		39C3BFEB2B10B07A00F5D10D /* CorporateTestflightClient.app */ = {isa = PBXFileReference; explicitFileType = wrapper.application; includeInIndex = 0; path = CorporateTestflightClient.app; sourceTree = BUILT_PRODUCTS_DIR; };
		39C3BFEE2B10B07A00F5D10D /* AppDelegate.swift */ = {isa = PBXFileReference; lastKnownFileType = sourcecode.swift; path = AppDelegate.swift; sourceTree = "<group>"; };
		39C3BFF02B10B07A00F5D10D /* SceneDelegate.swift */ = {isa = PBXFileReference; lastKnownFileType = sourcecode.swift; path = SceneDelegate.swift; sourceTree = "<group>"; };
		39C3BFF72B10B07C00F5D10D /* Assets.xcassets */ = {isa = PBXFileReference; lastKnownFileType = folder.assetcatalog; path = Assets.xcassets; sourceTree = "<group>"; };
		39C3BFFA2B10B07C00F5D10D /* Base */ = {isa = PBXFileReference; lastKnownFileType = file.storyboard; name = Base; path = Base.lproj/LaunchScreen.storyboard; sourceTree = "<group>"; };
		39C3BFFC2B10B07C00F5D10D /* Info.plist */ = {isa = PBXFileReference; lastKnownFileType = text.plist.xml; path = Info.plist; sourceTree = "<group>"; };
		39C3C0012B10B07C00F5D10D /* CorporateTestflightClientTests.xctest */ = {isa = PBXFileReference; explicitFileType = wrapper.cfbundle; includeInIndex = 0; path = CorporateTestflightClientTests.xctest; sourceTree = BUILT_PRODUCTS_DIR; };
		39C3C0052B10B07C00F5D10D /* CorporateTestflightClientTests.swift */ = {isa = PBXFileReference; lastKnownFileType = sourcecode.swift; path = CorporateTestflightClientTests.swift; sourceTree = "<group>"; };
		39C3C00B2B10B07C00F5D10D /* CorporateTestflightClientUITests.xctest */ = {isa = PBXFileReference; explicitFileType = wrapper.cfbundle; includeInIndex = 0; path = CorporateTestflightClientUITests.xctest; sourceTree = BUILT_PRODUCTS_DIR; };
		39C3C00F2B10B07C00F5D10D /* CorporateTestflightClientUITests.swift */ = {isa = PBXFileReference; lastKnownFileType = sourcecode.swift; path = CorporateTestflightClientUITests.swift; sourceTree = "<group>"; };
		39C3C0112B10B07C00F5D10D /* CorporateTestflightClientUITestsLaunchTests.swift */ = {isa = PBXFileReference; lastKnownFileType = sourcecode.swift; path = CorporateTestflightClientUITestsLaunchTests.swift; sourceTree = "<group>"; };
		39C3C0252B10B12200F5D10D /* AppCoordinator.swift */ = {isa = PBXFileReference; lastKnownFileType = sourcecode.swift; path = AppCoordinator.swift; sourceTree = "<group>"; };
		39C3C0272B10B14100F5D10D /* DependencyContainer.swift */ = {isa = PBXFileReference; lastKnownFileType = sourcecode.swift; path = DependencyContainer.swift; sourceTree = "<group>"; };
		39E93F672B2C837F005C9E1D /* VersionDetailsHeaderView.swift */ = {isa = PBXFileReference; lastKnownFileType = sourcecode.swift; path = VersionDetailsHeaderView.swift; sourceTree = "<group>"; };
		39E93F692B2C840E005C9E1D /* TicketView.swift */ = {isa = PBXFileReference; lastKnownFileType = sourcecode.swift; path = TicketView.swift; sourceTree = "<group>"; };
		39E93F6B2B2C8499005C9E1D /* VersionDetailsLoadingView.swift */ = {isa = PBXFileReference; lastKnownFileType = sourcecode.swift; path = VersionDetailsLoadingView.swift; sourceTree = "<group>"; };
		39E93F6D2B2C84FB005C9E1D /* VersionDetailsLoadedView.swift */ = {isa = PBXFileReference; lastKnownFileType = sourcecode.swift; path = VersionDetailsLoadedView.swift; sourceTree = "<group>"; };
		39FAACA22B3C6E35004E564A /* MockFunc.swift */ = {isa = PBXFileReference; lastKnownFileType = sourcecode.swift; path = MockFunc.swift; sourceTree = "<group>"; };
		39FAACA42B3C72F6004E564A /* VersionsListInteractorTests.swift */ = {isa = PBXFileReference; lastKnownFileType = sourcecode.swift; path = VersionsListInteractorTests.swift; sourceTree = "<group>"; };
		39FAACA72B3C7381004E564A /* MockVersionsListPresenter.swift */ = {isa = PBXFileReference; lastKnownFileType = sourcecode.swift; path = MockVersionsListPresenter.swift; sourceTree = "<group>"; };
		39FAACA92B3C739F004E564A /* MockFetchProjectOverviewUseCase.swift */ = {isa = PBXFileReference; lastKnownFileType = sourcecode.swift; path = MockFetchProjectOverviewUseCase.swift; sourceTree = "<group>"; };
/* End PBXFileReference section */

/* Begin PBXFrameworksBuildPhase section */
		39C3BFE82B10B07A00F5D10D /* Frameworks */ = {
			isa = PBXFrameworksBuildPhase;
			buildActionMask = 2147483647;
			files = (
				39B116DA2B1E269B00909C09 /* ArchHelpers in Frameworks */,
				3998F24F2B14EEB200D7CB90 /* TestflightUIKit in Frameworks */,
				39C3C0222B10B0F000F5D10D /* CorporateTestflightDomain in Frameworks */,
				39C3C0202B10B0F000F5D10D /* TestflightNetworking in Frameworks */,
			);
			runOnlyForDeploymentPostprocessing = 0;
		};
		39C3BFFE2B10B07C00F5D10D /* Frameworks */ = {
			isa = PBXFrameworksBuildPhase;
			buildActionMask = 2147483647;
			files = (
			);
			runOnlyForDeploymentPostprocessing = 0;
		};
		39C3C0082B10B07C00F5D10D /* Frameworks */ = {
			isa = PBXFrameworksBuildPhase;
			buildActionMask = 2147483647;
			files = (
			);
			runOnlyForDeploymentPostprocessing = 0;
		};
/* End PBXFrameworksBuildPhase section */

/* Begin PBXGroup section */
		397D9DDE2B22035E00012C43 /* UseCases */ = {
			isa = PBXGroup;
			children = (
				3998F2482B14ED2700D7CB90 /* FetchProjectOverviewUseCase.swift */,
			);
			path = UseCases;
			sourceTree = "<group>";
		};
		397D9DE32B23597800012C43 /* SwiftUI+MVVM */ = {
			isa = PBXGroup;
			children = (
				397D9DDA2B20CFA400012C43 /* VersionDetailsView.swift */,
				397D9DDC2B20CFB900012C43 /* VersionDetailsViewModel.swift */,
			);
			path = "SwiftUI+MVVM";
			sourceTree = "<group>";
		};
		397D9DE42B235AA700012C43 /* Data */ = {
			isa = PBXGroup;
			children = (
				3998F2562B188C0D00D7CB90 /* Repositories */,
				397D9DDE2B22035E00012C43 /* UseCases */,
				397D9DE52B235AE100012C43 /* TicketsCacheActor.swift */,
			);
			path = Data;
			sourceTree = "<group>";
		};
		397D9DE72B24655100012C43 /* UIKit+VIP */ = {
			isa = PBXGroup;
			children = (
				397D9DE92B2465B000012C43 /* VersionDetailsViewController.swift */,
				397D9DEB2B2465D000012C43 /* VersionDetailsInteractor.swift */,
				397D9DED2B24665B00012C43 /* VersionDetailsPresenter.swift */,
				397FA8DC2B2B4F6800E24CAA /* VersionDetailsWorker.swift */,
				397FA8DE2B2B528400E24CAA /* VersionDetailsViewController+Build.swift */,
			);
			path = "UIKit+VIP";
			sourceTree = "<group>";
		};
		397D9DE82B24658300012C43 /* Shared */ = {
			isa = PBXGroup;
			children = (
				397D9DE12B23499500012C43 /* VersionDetailsViewModel+State.swift */,
				39E93F672B2C837F005C9E1D /* VersionDetailsHeaderView.swift */,
				39E93F692B2C840E005C9E1D /* TicketView.swift */,
				39E93F6B2B2C8499005C9E1D /* VersionDetailsLoadingView.swift */,
				39E93F6D2B2C84FB005C9E1D /* VersionDetailsLoadedView.swift */,
			);
			path = Shared;
			sourceTree = "<group>";
		};
		3998F23F2B14ECC900D7CB90 /* Scenes */ = {
			isa = PBXGroup;
			children = (
				3998F2402B14ECED00D7CB90 /* VersionsList */,
				3998F2412B14ECF600D7CB90 /* VersionDetails */,
			);
			path = Scenes;
			sourceTree = "<group>";
		};
		3998F2402B14ECED00D7CB90 /* VersionsList */ = {
			isa = PBXGroup;
			children = (
				3998F2532B18842400D7CB90 /* Flow */,
				3998F2522B18841E00D7CB90 /* VIP */,
			);
			path = VersionsList;
			sourceTree = "<group>";
		};
		3998F2412B14ECF600D7CB90 /* VersionDetails */ = {
			isa = PBXGroup;
			children = (
				397D9DE82B24658300012C43 /* Shared */,
				397D9DE72B24655100012C43 /* UIKit+VIP */,
				397D9DE32B23597800012C43 /* SwiftUI+MVVM */,
			);
			path = VersionDetails;
			sourceTree = "<group>";
		};
		3998F2522B18841E00D7CB90 /* VIP */ = {
			isa = PBXGroup;
			children = (
				3998F2422B14ED0900D7CB90 /* VersionsListViewController.swift */,
				3998F2442B14ED1100D7CB90 /* VersionsListInteractor.swift */,
				3998F2462B14ED1A00D7CB90 /* VersionsListPresenter.swift */,
				3998F24A2B14ED8E00D7CB90 /* VersionsListModels.swift */,
				3998F24C2B14EDD600D7CB90 /* VersionListCell.swift */,
				3998F2502B14F07300D7CB90 /* VersionsListViewController+Build.swift */,
			);
			path = VIP;
			sourceTree = "<group>";
		};
		3998F2532B18842400D7CB90 /* Flow */ = {
			isa = PBXGroup;
			children = (
				3998F2542B18843700D7CB90 /* VersionsListCoordinator.swift */,
			);
			path = Flow;
			sourceTree = "<group>";
		};
		3998F2562B188C0D00D7CB90 /* Repositories */ = {
			isa = PBXGroup;
			children = (
				3998F2572B188C2800D7CB90 /* VersionsRepository.swift */,
				39B116DB2B1E272600909C09 /* ProjectsRepository.swift */,
				397D9DDF2B2330DA00012C43 /* TicketsRepository.swift */,
			);
			path = Repositories;
			sourceTree = "<group>";
		};
		39C3BFE22B10B07A00F5D10D = {
			isa = PBXGroup;
			children = (
				39C3BFED2B10B07A00F5D10D /* CorporateTestflightClient */,
				39C3C0042B10B07C00F5D10D /* CorporateTestflightClientTests */,
				39C3C00E2B10B07C00F5D10D /* CorporateTestflightClientUITests */,
				39C3BFEC2B10B07A00F5D10D /* Products */,
				39C3C01E2B10B0F000F5D10D /* Frameworks */,
			);
			sourceTree = "<group>";
		};
		39C3BFEC2B10B07A00F5D10D /* Products */ = {
			isa = PBXGroup;
			children = (
				39C3BFEB2B10B07A00F5D10D /* CorporateTestflightClient.app */,
				39C3C0012B10B07C00F5D10D /* CorporateTestflightClientTests.xctest */,
				39C3C00B2B10B07C00F5D10D /* CorporateTestflightClientUITests.xctest */,
			);
			name = Products;
			sourceTree = "<group>";
		};
		39C3BFED2B10B07A00F5D10D /* CorporateTestflightClient */ = {
			isa = PBXGroup;
			children = (
				39C3C0232B10B10800F5D10D /* Application */,
				397D9DE42B235AA700012C43 /* Data */,
				39C3C0242B10B11300F5D10D /* Flow */,
				3998F23F2B14ECC900D7CB90 /* Scenes */,
				39C3BFF72B10B07C00F5D10D /* Assets.xcassets */,
				39C3BFF92B10B07C00F5D10D /* LaunchScreen.storyboard */,
				39C3BFFC2B10B07C00F5D10D /* Info.plist */,
			);
			path = CorporateTestflightClient;
			sourceTree = "<group>";
		};
		39C3C0042B10B07C00F5D10D /* CorporateTestflightClientTests */ = {
			isa = PBXGroup;
			children = (
				39FAACA62B3C7371004E564A /* Mocks */,
				39C3C0052B10B07C00F5D10D /* CorporateTestflightClientTests.swift */,
				39FAACA22B3C6E35004E564A /* MockFunc.swift */,
				39FAACA42B3C72F6004E564A /* VersionsListInteractorTests.swift */,
			);
			path = CorporateTestflightClientTests;
			sourceTree = "<group>";
		};
		39C3C00E2B10B07C00F5D10D /* CorporateTestflightClientUITests */ = {
			isa = PBXGroup;
			children = (
				39C3C00F2B10B07C00F5D10D /* CorporateTestflightClientUITests.swift */,
				39C3C0112B10B07C00F5D10D /* CorporateTestflightClientUITestsLaunchTests.swift */,
			);
			path = CorporateTestflightClientUITests;
			sourceTree = "<group>";
		};
		39C3C01E2B10B0F000F5D10D /* Frameworks */ = {
			isa = PBXGroup;
			children = (
			);
			name = Frameworks;
			sourceTree = "<group>";
		};
		39C3C0232B10B10800F5D10D /* Application */ = {
			isa = PBXGroup;
			children = (
				39C3BFEE2B10B07A00F5D10D /* AppDelegate.swift */,
				39C3BFF02B10B07A00F5D10D /* SceneDelegate.swift */,
			);
			path = Application;
			sourceTree = "<group>";
		};
		39C3C0242B10B11300F5D10D /* Flow */ = {
			isa = PBXGroup;
			children = (
				39C3C0252B10B12200F5D10D /* AppCoordinator.swift */,
				39C3C0272B10B14100F5D10D /* DependencyContainer.swift */,
			);
			path = Flow;
			sourceTree = "<group>";
		};
		39FAACA62B3C7371004E564A /* Mocks */ = {
			isa = PBXGroup;
			children = (
				39FAACA72B3C7381004E564A /* MockVersionsListPresenter.swift */,
				39FAACA92B3C739F004E564A /* MockFetchProjectOverviewUseCase.swift */,
			);
			path = Mocks;
			sourceTree = "<group>";
		};
/* End PBXGroup section */

/* Begin PBXNativeTarget section */
		39C3BFEA2B10B07A00F5D10D /* CorporateTestflightClient */ = {
			isa = PBXNativeTarget;
			buildConfigurationList = 39C3C0152B10B07C00F5D10D /* Build configuration list for PBXNativeTarget "CorporateTestflightClient" */;
			buildPhases = (
				39C3BFE72B10B07A00F5D10D /* Sources */,
				39C3BFE82B10B07A00F5D10D /* Frameworks */,
				39C3BFE92B10B07A00F5D10D /* Resources */,
			);
			buildRules = (
			);
			dependencies = (
			);
			name = CorporateTestflightClient;
			packageProductDependencies = (
				39C3C01F2B10B0F000F5D10D /* TestflightNetworking */,
				39C3C0212B10B0F000F5D10D /* CorporateTestflightDomain */,
				3998F24E2B14EEB200D7CB90 /* TestflightUIKit */,
				39B116D92B1E269B00909C09 /* ArchHelpers */,
			);
			productName = CorporateTestflightClient;
			productReference = 39C3BFEB2B10B07A00F5D10D /* CorporateTestflightClient.app */;
			productType = "com.apple.product-type.application";
		};
		39C3C0002B10B07C00F5D10D /* CorporateTestflightClientTests */ = {
			isa = PBXNativeTarget;
			buildConfigurationList = 39C3C0182B10B07C00F5D10D /* Build configuration list for PBXNativeTarget "CorporateTestflightClientTests" */;
			buildPhases = (
				39C3BFFD2B10B07C00F5D10D /* Sources */,
				39C3BFFE2B10B07C00F5D10D /* Frameworks */,
				39C3BFFF2B10B07C00F5D10D /* Resources */,
			);
			buildRules = (
			);
			dependencies = (
				39C3C0032B10B07C00F5D10D /* PBXTargetDependency */,
			);
			name = CorporateTestflightClientTests;
			productName = CorporateTestflightClientTests;
			productReference = 39C3C0012B10B07C00F5D10D /* CorporateTestflightClientTests.xctest */;
			productType = "com.apple.product-type.bundle.unit-test";
		};
		39C3C00A2B10B07C00F5D10D /* CorporateTestflightClientUITests */ = {
			isa = PBXNativeTarget;
			buildConfigurationList = 39C3C01B2B10B07C00F5D10D /* Build configuration list for PBXNativeTarget "CorporateTestflightClientUITests" */;
			buildPhases = (
				39C3C0072B10B07C00F5D10D /* Sources */,
				39C3C0082B10B07C00F5D10D /* Frameworks */,
				39C3C0092B10B07C00F5D10D /* Resources */,
			);
			buildRules = (
			);
			dependencies = (
				39C3C00D2B10B07C00F5D10D /* PBXTargetDependency */,
			);
			name = CorporateTestflightClientUITests;
			productName = CorporateTestflightClientUITests;
			productReference = 39C3C00B2B10B07C00F5D10D /* CorporateTestflightClientUITests.xctest */;
			productType = "com.apple.product-type.bundle.ui-testing";
		};
/* End PBXNativeTarget section */

/* Begin PBXProject section */
		39C3BFE32B10B07A00F5D10D /* Project object */ = {
			isa = PBXProject;
			attributes = {
				BuildIndependentTargetsInParallel = 1;
				LastSwiftUpdateCheck = 1500;
				LastUpgradeCheck = 1500;
				TargetAttributes = {
					39C3BFEA2B10B07A00F5D10D = {
						CreatedOnToolsVersion = 15.0.1;
					};
					39C3C0002B10B07C00F5D10D = {
						CreatedOnToolsVersion = 15.0.1;
						TestTargetID = 39C3BFEA2B10B07A00F5D10D;
					};
					39C3C00A2B10B07C00F5D10D = {
						CreatedOnToolsVersion = 15.0.1;
						TestTargetID = 39C3BFEA2B10B07A00F5D10D;
					};
				};
			};
			buildConfigurationList = 39C3BFE62B10B07A00F5D10D /* Build configuration list for PBXProject "CorporateTestflightClient" */;
			compatibilityVersion = "Xcode 14.0";
			developmentRegion = en;
			hasScannedForEncodings = 0;
			knownRegions = (
				en,
				Base,
			);
			mainGroup = 39C3BFE22B10B07A00F5D10D;
			productRefGroup = 39C3BFEC2B10B07A00F5D10D /* Products */;
			projectDirPath = "";
			projectRoot = "";
			targets = (
				39C3BFEA2B10B07A00F5D10D /* CorporateTestflightClient */,
				39C3C0002B10B07C00F5D10D /* CorporateTestflightClientTests */,
				39C3C00A2B10B07C00F5D10D /* CorporateTestflightClientUITests */,
			);
		};
/* End PBXProject section */

/* Begin PBXResourcesBuildPhase section */
		39C3BFE92B10B07A00F5D10D /* Resources */ = {
			isa = PBXResourcesBuildPhase;
			buildActionMask = 2147483647;
			files = (
				39C3BFFB2B10B07C00F5D10D /* LaunchScreen.storyboard in Resources */,
				39C3BFF82B10B07C00F5D10D /* Assets.xcassets in Resources */,
			);
			runOnlyForDeploymentPostprocessing = 0;
		};
		39C3BFFF2B10B07C00F5D10D /* Resources */ = {
			isa = PBXResourcesBuildPhase;
			buildActionMask = 2147483647;
			files = (
			);
			runOnlyForDeploymentPostprocessing = 0;
		};
		39C3C0092B10B07C00F5D10D /* Resources */ = {
			isa = PBXResourcesBuildPhase;
			buildActionMask = 2147483647;
			files = (
			);
			runOnlyForDeploymentPostprocessing = 0;
		};
/* End PBXResourcesBuildPhase section */

/* Begin PBXSourcesBuildPhase section */
		39C3BFE72B10B07A00F5D10D /* Sources */ = {
			isa = PBXSourcesBuildPhase;
			buildActionMask = 2147483647;
			files = (
				39C3C0262B10B12200F5D10D /* AppCoordinator.swift in Sources */,
				397D9DE02B2330DA00012C43 /* TicketsRepository.swift in Sources */,
				39C3C0282B10B14100F5D10D /* DependencyContainer.swift in Sources */,
				397D9DEA2B2465B000012C43 /* VersionDetailsViewController.swift in Sources */,
				397D9DEE2B24665B00012C43 /* VersionDetailsPresenter.swift in Sources */,
				3998F2582B188C2800D7CB90 /* VersionsRepository.swift in Sources */,
				3998F2552B18843700D7CB90 /* VersionsListCoordinator.swift in Sources */,
				3998F2472B14ED1A00D7CB90 /* VersionsListPresenter.swift in Sources */,
				3998F2512B14F07300D7CB90 /* VersionsListViewController+Build.swift in Sources */,
				3998F2452B14ED1100D7CB90 /* VersionsListInteractor.swift in Sources */,
				397FA8DD2B2B4F6800E24CAA /* VersionDetailsWorker.swift in Sources */,
				39C3BFEF2B10B07A00F5D10D /* AppDelegate.swift in Sources */,
				397D9DE22B23499500012C43 /* VersionDetailsViewModel+State.swift in Sources */,
				3998F24D2B14EDD600D7CB90 /* VersionListCell.swift in Sources */,
				39E93F6E2B2C84FB005C9E1D /* VersionDetailsLoadedView.swift in Sources */,
				39E93F6C2B2C8499005C9E1D /* VersionDetailsLoadingView.swift in Sources */,
				39E93F6A2B2C840E005C9E1D /* TicketView.swift in Sources */,
				397D9DDB2B20CFA400012C43 /* VersionDetailsView.swift in Sources */,
				397D9DEC2B2465D000012C43 /* VersionDetailsInteractor.swift in Sources */,
				39E93F682B2C837F005C9E1D /* VersionDetailsHeaderView.swift in Sources */,
				397D9DE62B235AE100012C43 /* TicketsCacheActor.swift in Sources */,
				3998F2492B14ED2700D7CB90 /* FetchProjectOverviewUseCase.swift in Sources */,
				3998F2432B14ED0900D7CB90 /* VersionsListViewController.swift in Sources */,
				397FA8DF2B2B528400E24CAA /* VersionDetailsViewController+Build.swift in Sources */,
				39B116DC2B1E272600909C09 /* ProjectsRepository.swift in Sources */,
				397D9DDD2B20CFB900012C43 /* VersionDetailsViewModel.swift in Sources */,
				3998F24B2B14ED8E00D7CB90 /* VersionsListModels.swift in Sources */,
				39C3BFF12B10B07A00F5D10D /* SceneDelegate.swift in Sources */,
			);
			runOnlyForDeploymentPostprocessing = 0;
		};
		39C3BFFD2B10B07C00F5D10D /* Sources */ = {
			isa = PBXSourcesBuildPhase;
			buildActionMask = 2147483647;
			files = (
				39C3C0062B10B07C00F5D10D /* CorporateTestflightClientTests.swift in Sources */,
				39FAACA82B3C7381004E564A /* MockVersionsListPresenter.swift in Sources */,
				39FAACA52B3C72F6004E564A /* VersionsListInteractorTests.swift in Sources */,
				39FAACA32B3C6E35004E564A /* MockFunc.swift in Sources */,
				39FAACAA2B3C739F004E564A /* MockFetchProjectOverviewUseCase.swift in Sources */,
			);
			runOnlyForDeploymentPostprocessing = 0;
		};
		39C3C0072B10B07C00F5D10D /* Sources */ = {
			isa = PBXSourcesBuildPhase;
			buildActionMask = 2147483647;
			files = (
				39C3C0102B10B07C00F5D10D /* CorporateTestflightClientUITests.swift in Sources */,
				39C3C0122B10B07C00F5D10D /* CorporateTestflightClientUITestsLaunchTests.swift in Sources */,
			);
			runOnlyForDeploymentPostprocessing = 0;
		};
/* End PBXSourcesBuildPhase section */

/* Begin PBXTargetDependency section */
		39C3C0032B10B07C00F5D10D /* PBXTargetDependency */ = {
			isa = PBXTargetDependency;
			target = 39C3BFEA2B10B07A00F5D10D /* CorporateTestflightClient */;
			targetProxy = 39C3C0022B10B07C00F5D10D /* PBXContainerItemProxy */;
		};
		39C3C00D2B10B07C00F5D10D /* PBXTargetDependency */ = {
			isa = PBXTargetDependency;
			target = 39C3BFEA2B10B07A00F5D10D /* CorporateTestflightClient */;
			targetProxy = 39C3C00C2B10B07C00F5D10D /* PBXContainerItemProxy */;
		};
/* End PBXTargetDependency section */

/* Begin PBXVariantGroup section */
		39C3BFF92B10B07C00F5D10D /* LaunchScreen.storyboard */ = {
			isa = PBXVariantGroup;
			children = (
				39C3BFFA2B10B07C00F5D10D /* Base */,
			);
			name = LaunchScreen.storyboard;
			sourceTree = "<group>";
		};
/* End PBXVariantGroup section */

/* Begin XCBuildConfiguration section */
		39C3C0132B10B07C00F5D10D /* Debug */ = {
			isa = XCBuildConfiguration;
			buildSettings = {
				ALWAYS_SEARCH_USER_PATHS = NO;
				ASSETCATALOG_COMPILER_GENERATE_SWIFT_ASSET_SYMBOL_EXTENSIONS = YES;
				CLANG_ANALYZER_NONNULL = YES;
				CLANG_ANALYZER_NUMBER_OBJECT_CONVERSION = YES_AGGRESSIVE;
				CLANG_CXX_LANGUAGE_STANDARD = "gnu++20";
				CLANG_ENABLE_MODULES = YES;
				CLANG_ENABLE_OBJC_ARC = YES;
				CLANG_ENABLE_OBJC_WEAK = YES;
				CLANG_WARN_BLOCK_CAPTURE_AUTORELEASING = YES;
				CLANG_WARN_BOOL_CONVERSION = YES;
				CLANG_WARN_COMMA = YES;
				CLANG_WARN_CONSTANT_CONVERSION = YES;
				CLANG_WARN_DEPRECATED_OBJC_IMPLEMENTATIONS = YES;
				CLANG_WARN_DIRECT_OBJC_ISA_USAGE = YES_ERROR;
				CLANG_WARN_DOCUMENTATION_COMMENTS = YES;
				CLANG_WARN_EMPTY_BODY = YES;
				CLANG_WARN_ENUM_CONVERSION = YES;
				CLANG_WARN_INFINITE_RECURSION = YES;
				CLANG_WARN_INT_CONVERSION = YES;
				CLANG_WARN_NON_LITERAL_NULL_CONVERSION = YES;
				CLANG_WARN_OBJC_IMPLICIT_RETAIN_SELF = YES;
				CLANG_WARN_OBJC_LITERAL_CONVERSION = YES;
				CLANG_WARN_OBJC_ROOT_CLASS = YES_ERROR;
				CLANG_WARN_QUOTED_INCLUDE_IN_FRAMEWORK_HEADER = YES;
				CLANG_WARN_RANGE_LOOP_ANALYSIS = YES;
				CLANG_WARN_STRICT_PROTOTYPES = YES;
				CLANG_WARN_SUSPICIOUS_MOVE = YES;
				CLANG_WARN_UNGUARDED_AVAILABILITY = YES_AGGRESSIVE;
				CLANG_WARN_UNREACHABLE_CODE = YES;
				CLANG_WARN__DUPLICATE_METHOD_MATCH = YES;
				COPY_PHASE_STRIP = NO;
				DEBUG_INFORMATION_FORMAT = dwarf;
				ENABLE_STRICT_OBJC_MSGSEND = YES;
				ENABLE_TESTABILITY = YES;
				ENABLE_USER_SCRIPT_SANDBOXING = YES;
				GCC_C_LANGUAGE_STANDARD = gnu17;
				GCC_DYNAMIC_NO_PIC = NO;
				GCC_NO_COMMON_BLOCKS = YES;
				GCC_OPTIMIZATION_LEVEL = 0;
				GCC_PREPROCESSOR_DEFINITIONS = (
					"DEBUG=1",
					"$(inherited)",
				);
				GCC_WARN_64_TO_32_BIT_CONVERSION = YES;
				GCC_WARN_ABOUT_RETURN_TYPE = YES_ERROR;
				GCC_WARN_UNDECLARED_SELECTOR = YES;
				GCC_WARN_UNINITIALIZED_AUTOS = YES_AGGRESSIVE;
				GCC_WARN_UNUSED_FUNCTION = YES;
				GCC_WARN_UNUSED_VARIABLE = YES;
				IPHONEOS_DEPLOYMENT_TARGET = 16.0;
				LOCALIZATION_PREFERS_STRING_CATALOGS = YES;
				MTL_ENABLE_DEBUG_INFO = INCLUDE_SOURCE;
				MTL_FAST_MATH = YES;
				ONLY_ACTIVE_ARCH = YES;
				SDKROOT = iphoneos;
				SWIFT_ACTIVE_COMPILATION_CONDITIONS = "DEBUG $(inherited)";
				SWIFT_OPTIMIZATION_LEVEL = "-Onone";
				SWIFT_STRICT_CONCURRENCY = complete;
			};
			name = Debug;
		};
		39C3C0142B10B07C00F5D10D /* Release */ = {
			isa = XCBuildConfiguration;
			buildSettings = {
				ALWAYS_SEARCH_USER_PATHS = NO;
				ASSETCATALOG_COMPILER_GENERATE_SWIFT_ASSET_SYMBOL_EXTENSIONS = YES;
				CLANG_ANALYZER_NONNULL = YES;
				CLANG_ANALYZER_NUMBER_OBJECT_CONVERSION = YES_AGGRESSIVE;
				CLANG_CXX_LANGUAGE_STANDARD = "gnu++20";
				CLANG_ENABLE_MODULES = YES;
				CLANG_ENABLE_OBJC_ARC = YES;
				CLANG_ENABLE_OBJC_WEAK = YES;
				CLANG_WARN_BLOCK_CAPTURE_AUTORELEASING = YES;
				CLANG_WARN_BOOL_CONVERSION = YES;
				CLANG_WARN_COMMA = YES;
				CLANG_WARN_CONSTANT_CONVERSION = YES;
				CLANG_WARN_DEPRECATED_OBJC_IMPLEMENTATIONS = YES;
				CLANG_WARN_DIRECT_OBJC_ISA_USAGE = YES_ERROR;
				CLANG_WARN_DOCUMENTATION_COMMENTS = YES;
				CLANG_WARN_EMPTY_BODY = YES;
				CLANG_WARN_ENUM_CONVERSION = YES;
				CLANG_WARN_INFINITE_RECURSION = YES;
				CLANG_WARN_INT_CONVERSION = YES;
				CLANG_WARN_NON_LITERAL_NULL_CONVERSION = YES;
				CLANG_WARN_OBJC_IMPLICIT_RETAIN_SELF = YES;
				CLANG_WARN_OBJC_LITERAL_CONVERSION = YES;
				CLANG_WARN_OBJC_ROOT_CLASS = YES_ERROR;
				CLANG_WARN_QUOTED_INCLUDE_IN_FRAMEWORK_HEADER = YES;
				CLANG_WARN_RANGE_LOOP_ANALYSIS = YES;
				CLANG_WARN_STRICT_PROTOTYPES = YES;
				CLANG_WARN_SUSPICIOUS_MOVE = YES;
				CLANG_WARN_UNGUARDED_AVAILABILITY = YES_AGGRESSIVE;
				CLANG_WARN_UNREACHABLE_CODE = YES;
				CLANG_WARN__DUPLICATE_METHOD_MATCH = YES;
				COPY_PHASE_STRIP = NO;
				DEBUG_INFORMATION_FORMAT = "dwarf-with-dsym";
				ENABLE_NS_ASSERTIONS = NO;
				ENABLE_STRICT_OBJC_MSGSEND = YES;
				ENABLE_USER_SCRIPT_SANDBOXING = YES;
				GCC_C_LANGUAGE_STANDARD = gnu17;
				GCC_NO_COMMON_BLOCKS = YES;
				GCC_WARN_64_TO_32_BIT_CONVERSION = YES;
				GCC_WARN_ABOUT_RETURN_TYPE = YES_ERROR;
				GCC_WARN_UNDECLARED_SELECTOR = YES;
				GCC_WARN_UNINITIALIZED_AUTOS = YES_AGGRESSIVE;
				GCC_WARN_UNUSED_FUNCTION = YES;
				GCC_WARN_UNUSED_VARIABLE = YES;
				IPHONEOS_DEPLOYMENT_TARGET = 16.0;
				LOCALIZATION_PREFERS_STRING_CATALOGS = YES;
				MTL_ENABLE_DEBUG_INFO = NO;
				MTL_FAST_MATH = YES;
				SDKROOT = iphoneos;
				SWIFT_COMPILATION_MODE = wholemodule;
				SWIFT_STRICT_CONCURRENCY = complete;
				VALIDATE_PRODUCT = YES;
			};
			name = Release;
		};
		39C3C0162B10B07C00F5D10D /* Debug */ = {
			isa = XCBuildConfiguration;
			buildSettings = {
				ASSETCATALOG_COMPILER_APPICON_NAME = AppIcon;
				ASSETCATALOG_COMPILER_GLOBAL_ACCENT_COLOR_NAME = AccentColor;
				CODE_SIGN_STYLE = Automatic;
				CURRENT_PROJECT_VERSION = 1;
				GENERATE_INFOPLIST_FILE = YES;
				INFOPLIST_FILE = CorporateTestflightClient/Info.plist;
				INFOPLIST_KEY_LSApplicationCategoryType = "";
				INFOPLIST_KEY_UIApplicationSupportsIndirectInputEvents = YES;
				INFOPLIST_KEY_UILaunchStoryboardName = LaunchScreen;
				INFOPLIST_KEY_UISupportedInterfaceOrientations = UIInterfaceOrientationPortrait;
				LD_RUNPATH_SEARCH_PATHS = (
					"$(inherited)",
					"@executable_path/Frameworks",
				);
				MARKETING_VERSION = 1.0;
				PRODUCT_BUNDLE_IDENTIFIER = com.petrachkov.CorporateTestflightClient;
				PRODUCT_NAME = "$(TARGET_NAME)";
				SWIFT_EMIT_LOC_STRINGS = YES;
				SWIFT_STRICT_CONCURRENCY = complete;
				SWIFT_VERSION = 5.0;
				TARGETED_DEVICE_FAMILY = "1,2";
			};
			name = Debug;
		};
		39C3C0172B10B07C00F5D10D /* Release */ = {
			isa = XCBuildConfiguration;
			buildSettings = {
				ASSETCATALOG_COMPILER_APPICON_NAME = AppIcon;
				ASSETCATALOG_COMPILER_GLOBAL_ACCENT_COLOR_NAME = AccentColor;
				CODE_SIGN_STYLE = Automatic;
				CURRENT_PROJECT_VERSION = 1;
				GENERATE_INFOPLIST_FILE = YES;
				INFOPLIST_FILE = CorporateTestflightClient/Info.plist;
				INFOPLIST_KEY_LSApplicationCategoryType = "";
				INFOPLIST_KEY_UIApplicationSupportsIndirectInputEvents = YES;
				INFOPLIST_KEY_UILaunchStoryboardName = LaunchScreen;
				INFOPLIST_KEY_UISupportedInterfaceOrientations = UIInterfaceOrientationPortrait;
				LD_RUNPATH_SEARCH_PATHS = (
					"$(inherited)",
					"@executable_path/Frameworks",
				);
				MARKETING_VERSION = 1.0;
				PRODUCT_BUNDLE_IDENTIFIER = com.petrachkov.CorporateTestflightClient;
				PRODUCT_NAME = "$(TARGET_NAME)";
				SWIFT_EMIT_LOC_STRINGS = YES;
				SWIFT_STRICT_CONCURRENCY = complete;
				SWIFT_VERSION = 5.0;
				TARGETED_DEVICE_FAMILY = "1,2";
			};
			name = Release;
		};
		39C3C0192B10B07C00F5D10D /* Debug */ = {
			isa = XCBuildConfiguration;
			buildSettings = {
				ALWAYS_EMBED_SWIFT_STANDARD_LIBRARIES = YES;
				BUNDLE_LOADER = "$(TEST_HOST)";
				CODE_SIGN_STYLE = Automatic;
				CURRENT_PROJECT_VERSION = 1;
				GENERATE_INFOPLIST_FILE = YES;
				IPHONEOS_DEPLOYMENT_TARGET = 17.0;
				MARKETING_VERSION = 1.0;
				PRODUCT_BUNDLE_IDENTIFIER = com.petrachkov.CorporateTestflightClientTests;
				PRODUCT_NAME = "$(TARGET_NAME)";
				SWIFT_EMIT_LOC_STRINGS = NO;
				SWIFT_VERSION = 5.0;
				TARGETED_DEVICE_FAMILY = "1,2";
				TEST_HOST = "$(BUILT_PRODUCTS_DIR)/CorporateTestflightClient.app/$(BUNDLE_EXECUTABLE_FOLDER_PATH)/CorporateTestflightClient";
			};
			name = Debug;
		};
		39C3C01A2B10B07C00F5D10D /* Release */ = {
			isa = XCBuildConfiguration;
			buildSettings = {
				ALWAYS_EMBED_SWIFT_STANDARD_LIBRARIES = YES;
				BUNDLE_LOADER = "$(TEST_HOST)";
				CODE_SIGN_STYLE = Automatic;
				CURRENT_PROJECT_VERSION = 1;
				GENERATE_INFOPLIST_FILE = YES;
				IPHONEOS_DEPLOYMENT_TARGET = 17.0;
				MARKETING_VERSION = 1.0;
				PRODUCT_BUNDLE_IDENTIFIER = com.petrachkov.CorporateTestflightClientTests;
				PRODUCT_NAME = "$(TARGET_NAME)";
				SWIFT_EMIT_LOC_STRINGS = NO;
				SWIFT_VERSION = 5.0;
				TARGETED_DEVICE_FAMILY = "1,2";
				TEST_HOST = "$(BUILT_PRODUCTS_DIR)/CorporateTestflightClient.app/$(BUNDLE_EXECUTABLE_FOLDER_PATH)/CorporateTestflightClient";
			};
			name = Release;
		};
		39C3C01C2B10B07C00F5D10D /* Debug */ = {
			isa = XCBuildConfiguration;
			buildSettings = {
				ALWAYS_EMBED_SWIFT_STANDARD_LIBRARIES = YES;
				CODE_SIGN_STYLE = Automatic;
				CURRENT_PROJECT_VERSION = 1;
				GENERATE_INFOPLIST_FILE = YES;
				MARKETING_VERSION = 1.0;
				PRODUCT_BUNDLE_IDENTIFIER = com.petrachkov.CorporateTestflightClientUITests;
				PRODUCT_NAME = "$(TARGET_NAME)";
				SWIFT_EMIT_LOC_STRINGS = NO;
				SWIFT_VERSION = 5.0;
				TARGETED_DEVICE_FAMILY = "1,2";
				TEST_TARGET_NAME = CorporateTestflightClient;
			};
			name = Debug;
		};
		39C3C01D2B10B07C00F5D10D /* Release */ = {
			isa = XCBuildConfiguration;
			buildSettings = {
				ALWAYS_EMBED_SWIFT_STANDARD_LIBRARIES = YES;
				CODE_SIGN_STYLE = Automatic;
				CURRENT_PROJECT_VERSION = 1;
				GENERATE_INFOPLIST_FILE = YES;
				MARKETING_VERSION = 1.0;
				PRODUCT_BUNDLE_IDENTIFIER = com.petrachkov.CorporateTestflightClientUITests;
				PRODUCT_NAME = "$(TARGET_NAME)";
				SWIFT_EMIT_LOC_STRINGS = NO;
				SWIFT_VERSION = 5.0;
				TARGETED_DEVICE_FAMILY = "1,2";
				TEST_TARGET_NAME = CorporateTestflightClient;
			};
			name = Release;
		};
/* End XCBuildConfiguration section */

/* Begin XCConfigurationList section */
		39C3BFE62B10B07A00F5D10D /* Build configuration list for PBXProject "CorporateTestflightClient" */ = {
			isa = XCConfigurationList;
			buildConfigurations = (
				39C3C0132B10B07C00F5D10D /* Debug */,
				39C3C0142B10B07C00F5D10D /* Release */,
			);
			defaultConfigurationIsVisible = 0;
			defaultConfigurationName = Release;
		};
		39C3C0152B10B07C00F5D10D /* Build configuration list for PBXNativeTarget "CorporateTestflightClient" */ = {
			isa = XCConfigurationList;
			buildConfigurations = (
				39C3C0162B10B07C00F5D10D /* Debug */,
				39C3C0172B10B07C00F5D10D /* Release */,
			);
			defaultConfigurationIsVisible = 0;
			defaultConfigurationName = Release;
		};
		39C3C0182B10B07C00F5D10D /* Build configuration list for PBXNativeTarget "CorporateTestflightClientTests" */ = {
			isa = XCConfigurationList;
			buildConfigurations = (
				39C3C0192B10B07C00F5D10D /* Debug */,
				39C3C01A2B10B07C00F5D10D /* Release */,
			);
			defaultConfigurationIsVisible = 0;
			defaultConfigurationName = Release;
		};
		39C3C01B2B10B07C00F5D10D /* Build configuration list for PBXNativeTarget "CorporateTestflightClientUITests" */ = {
			isa = XCConfigurationList;
			buildConfigurations = (
				39C3C01C2B10B07C00F5D10D /* Debug */,
				39C3C01D2B10B07C00F5D10D /* Release */,
			);
			defaultConfigurationIsVisible = 0;
			defaultConfigurationName = Release;
		};
/* End XCConfigurationList section */

/* Begin XCSwiftPackageProductDependency section */
		3998F24E2B14EEB200D7CB90 /* TestflightUIKit */ = {
			isa = XCSwiftPackageProductDependency;
			productName = TestflightUIKit;
		};
		39B116D92B1E269B00909C09 /* ArchHelpers */ = {
			isa = XCSwiftPackageProductDependency;
			productName = ArchHelpers;
		};
		39C3C01F2B10B0F000F5D10D /* TestflightNetworking */ = {
			isa = XCSwiftPackageProductDependency;
			productName = TestflightNetworking;
		};
		39C3C0212B10B0F000F5D10D /* CorporateTestflightDomain */ = {
			isa = XCSwiftPackageProductDependency;
			productName = CorporateTestflightDomain;
		};
/* End XCSwiftPackageProductDependency section */
	};
	rootObject = 39C3BFE32B10B07A00F5D10D /* Project object */;
}
