// !$*UTF8*$!
{
	archiveVersion = 1;
	classes = {
	};
	objectVersion = 70;
	objects = {

/* Begin PBXBuildFile section */
		3931EC632D7B2138003190A7 /* CorporateTestflightDomain in Frameworks */ = {isa = PBXBuildFile; productRef = 3931EC622D7B2138003190A7 /* CorporateTestflightDomain */; };
		3931EC662D7B216D003190A7 /* VersionsBrowser in Frameworks */ = {isa = PBXBuildFile; productRef = 3931EC652D7B216D003190A7 /* VersionsBrowser */; };
		3931EC682D7B216D003190A7 /* VersionsBrowserInterface in Frameworks */ = {isa = PBXBuildFile; productRef = 3931EC672D7B216D003190A7 /* VersionsBrowserInterface */; };
		3931EC6A2D7B2181003190A7 /* TestflightNetworking in Frameworks */ = {isa = PBXBuildFile; productRef = 3931EC692D7B2181003190A7 /* TestflightNetworking */; };
		3931EC6C2D7B2181003190A7 /* TestflightUIKit in Frameworks */ = {isa = PBXBuildFile; productRef = 3931EC6B2D7B2181003190A7 /* TestflightUIKit */; };
		3931EC6E2D7B2194003190A7 /* ImageLoader in Frameworks */ = {isa = PBXBuildFile; productRef = 3931EC6D2D7B2194003190A7 /* ImageLoader */; };
		3931EC702D7B2194003190A7 /* JiraViewer in Frameworks */ = {isa = PBXBuildFile; productRef = 3931EC6F2D7B2194003190A7 /* JiraViewer */; };
		3931EC722D7B2194003190A7 /* JiraViewerInterface in Frameworks */ = {isa = PBXBuildFile; productRef = 3931EC712D7B2194003190A7 /* JiraViewerInterface */; };
		3931EC742D7B2194003190A7 /* QRReader in Frameworks */ = {isa = PBXBuildFile; productRef = 3931EC732D7B2194003190A7 /* QRReader */; };
		3931EC762D7B2194003190A7 /* QRReaderInterface in Frameworks */ = {isa = PBXBuildFile; productRef = 3931EC752D7B2194003190A7 /* QRReaderInterface */; };
		3931EC782D7B2194003190A7 /* SimpleDI in Frameworks */ = {isa = PBXBuildFile; productRef = 3931EC772D7B2194003190A7 /* SimpleDI */; };
		3931EC7A2D7B2194003190A7 /* UniFlow in Frameworks */ = {isa = PBXBuildFile; productRef = 3931EC792D7B2194003190A7 /* UniFlow */; };
		39AF5C4F2D7EF67100A53A76 /* TestflightFoundation in Frameworks */ = {isa = PBXBuildFile; productRef = 39AF5C4E2D7EF67100A53A76 /* TestflightFoundation */; };
/* End PBXBuildFile section */

/* Begin PBXContainerItemProxy section */
		39C3C0022B10B07C00F5D10D /* PBXContainerItemProxy */ = {
			isa = PBXContainerItemProxy;
			containerPortal = 39C3BFE32B10B07A00F5D10D /* Project object */;
			proxyType = 1;
			remoteGlobalIDString = 39C3BFEA2B10B07A00F5D10D;
			remoteInfo = CorporateTestflightClient;
		};
/* End PBXContainerItemProxy section */

/* Begin PBXCopyFilesBuildPhase section */
		39F780032D71E5AA008FE9D3 /* Embed Frameworks */ = {
			isa = PBXCopyFilesBuildPhase;
			buildActionMask = 2147483647;
			dstPath = "";
			dstSubfolderSpec = 10;
			files = (
			);
			name = "Embed Frameworks";
			runOnlyForDeploymentPostprocessing = 0;
		};
/* End PBXCopyFilesBuildPhase section */

/* Begin PBXFileReference section */
		393FB16F2D5774CF0078E548 /* CorporateTestflightClientTests.xctestplan */ = {isa = PBXFileReference; lastKnownFileType = text; path = CorporateTestflightClientTests.xctestplan; sourceTree = "<group>"; };
		39C3BFEB2B10B07A00F5D10D /* CorporateTestflightClient.app */ = {isa = PBXFileReference; explicitFileType = wrapper.application; includeInIndex = 0; path = CorporateTestflightClient.app; sourceTree = BUILT_PRODUCTS_DIR; };
		39C3C0012B10B07C00F5D10D /* CorporateTestflightClientTests.xctest */ = {isa = PBXFileReference; explicitFileType = wrapper.cfbundle; includeInIndex = 0; path = CorporateTestflightClientTests.xctest; sourceTree = BUILT_PRODUCTS_DIR; };
/* End PBXFileReference section */

/* Begin PBXFileSystemSynchronizedBuildFileExceptionSet section */
		393FB14E2D57747D0078E548 /* PBXFileSystemSynchronizedBuildFileExceptionSet */ = {
			isa = PBXFileSystemSynchronizedBuildFileExceptionSet;
			membershipExceptions = (
				Info.plist,
			);
			target = 39C3BFEA2B10B07A00F5D10D /* CorporateTestflightClient */;
		};
/* End PBXFileSystemSynchronizedBuildFileExceptionSet section */

/* Begin PBXFileSystemSynchronizedRootGroup section */
		393FB12A2D57747D0078E548 /* CorporateTestflightClient */ = {isa = PBXFileSystemSynchronizedRootGroup; exceptions = (393FB14E2D57747D0078E548 /* PBXFileSystemSynchronizedBuildFileExceptionSet */, ); explicitFileTypes = {}; explicitFolders = (); path = CorporateTestflightClient; sourceTree = "<group>"; };
		393FB1602D5774C00078E548 /* CorporateTestflightClientTests */ = {isa = PBXFileSystemSynchronizedRootGroup; explicitFileTypes = {}; explicitFolders = (); path = CorporateTestflightClientTests; sourceTree = "<group>"; };
/* End PBXFileSystemSynchronizedRootGroup section */

/* Begin PBXFrameworksBuildPhase section */
		39C3BFE82B10B07A00F5D10D /* Frameworks */ = {
			isa = PBXFrameworksBuildPhase;
			buildActionMask = 2147483647;
			files = (
				3931EC662D7B216D003190A7 /* VersionsBrowser in Frameworks */,
				3931EC742D7B2194003190A7 /* QRReader in Frameworks */,
				3931EC782D7B2194003190A7 /* SimpleDI in Frameworks */,
				3931EC7A2D7B2194003190A7 /* UniFlow in Frameworks */,
				3931EC6E2D7B2194003190A7 /* ImageLoader in Frameworks */,
				3931EC6C2D7B2181003190A7 /* TestflightUIKit in Frameworks */,
				3931EC702D7B2194003190A7 /* JiraViewer in Frameworks */,
				3931EC722D7B2194003190A7 /* JiraViewerInterface in Frameworks */,
				3931EC762D7B2194003190A7 /* QRReaderInterface in Frameworks */,
				39AF5C4F2D7EF67100A53A76 /* TestflightFoundation in Frameworks */,
				3931EC682D7B216D003190A7 /* VersionsBrowserInterface in Frameworks */,
				3931EC6A2D7B2181003190A7 /* TestflightNetworking in Frameworks */,
				3931EC632D7B2138003190A7 /* CorporateTestflightDomain in Frameworks */,
			);
			runOnlyForDeploymentPostprocessing = 0;
		};
		39C3BFFE2B10B07C00F5D10D /* Frameworks */ = {
			isa = PBXFrameworksBuildPhase;
			buildActionMask = 2147483647;
			files = (
			);
			runOnlyForDeploymentPostprocessing = 0;
		};
/* End PBXFrameworksBuildPhase section */

/* Begin PBXGroup section */
		39C3BFE22B10B07A00F5D10D = {
			isa = PBXGroup;
			children = (
				393FB16F2D5774CF0078E548 /* CorporateTestflightClientTests.xctestplan */,
				393FB12A2D57747D0078E548 /* CorporateTestflightClient */,
				393FB1602D5774C00078E548 /* CorporateTestflightClientTests */,
				39C3BFEC2B10B07A00F5D10D /* Products */,
				39C3C01E2B10B0F000F5D10D /* Frameworks */,
			);
			sourceTree = "<group>";
		};
		39C3BFEC2B10B07A00F5D10D /* Products */ = {
			isa = PBXGroup;
			children = (
				39C3BFEB2B10B07A00F5D10D /* CorporateTestflightClient.app */,
				39C3C0012B10B07C00F5D10D /* CorporateTestflightClientTests.xctest */,
			);
			name = Products;
			sourceTree = "<group>";
		};
		39C3C01E2B10B0F000F5D10D /* Frameworks */ = {
			isa = PBXGroup;
			children = (
			);
			name = Frameworks;
			sourceTree = "<group>";
		};
/* End PBXGroup section */

/* Begin PBXNativeTarget section */
		39C3BFEA2B10B07A00F5D10D /* CorporateTestflightClient */ = {
			isa = PBXNativeTarget;
			buildConfigurationList = 39C3C0152B10B07C00F5D10D /* Build configuration list for PBXNativeTarget "CorporateTestflightClient" */;
			buildPhases = (
				39C3BFE72B10B07A00F5D10D /* Sources */,
				39C3BFE82B10B07A00F5D10D /* Frameworks */,
				39C3BFE92B10B07A00F5D10D /* Resources */,
				39F780032D71E5AA008FE9D3 /* Embed Frameworks */,
			);
			buildRules = (
			);
			dependencies = (
			);
			fileSystemSynchronizedGroups = (
				393FB12A2D57747D0078E548 /* CorporateTestflightClient */,
			);
			name = CorporateTestflightClient;
			packageProductDependencies = (
				3931EC622D7B2138003190A7 /* CorporateTestflightDomain */,
				3931EC652D7B216D003190A7 /* VersionsBrowser */,
				3931EC672D7B216D003190A7 /* VersionsBrowserInterface */,
				3931EC692D7B2181003190A7 /* TestflightNetworking */,
				3931EC6B2D7B2181003190A7 /* TestflightUIKit */,
				3931EC6D2D7B2194003190A7 /* ImageLoader */,
				3931EC6F2D7B2194003190A7 /* JiraViewer */,
				3931EC712D7B2194003190A7 /* JiraViewerInterface */,
				3931EC732D7B2194003190A7 /* QRReader */,
				3931EC752D7B2194003190A7 /* QRReaderInterface */,
				3931EC772D7B2194003190A7 /* SimpleDI */,
				3931EC792D7B2194003190A7 /* UniFlow */,
				39AF5C4E2D7EF67100A53A76 /* TestflightFoundation */,
			);
			productName = CorporateTestflightClient;
			productReference = 39C3BFEB2B10B07A00F5D10D /* CorporateTestflightClient.app */;
			productType = "com.apple.product-type.application";
		};
		39C3C0002B10B07C00F5D10D /* CorporateTestflightClientTests */ = {
			isa = PBXNativeTarget;
			buildConfigurationList = 39C3C0182B10B07C00F5D10D /* Build configuration list for PBXNativeTarget "CorporateTestflightClientTests" */;
			buildPhases = (
				39C3BFFD2B10B07C00F5D10D /* Sources */,
				39C3BFFE2B10B07C00F5D10D /* Frameworks */,
				39C3BFFF2B10B07C00F5D10D /* Resources */,
			);
			buildRules = (
			);
			dependencies = (
				39C3C0032B10B07C00F5D10D /* PBXTargetDependency */,
			);
			fileSystemSynchronizedGroups = (
				393FB1602D5774C00078E548 /* CorporateTestflightClientTests */,
			);
			name = CorporateTestflightClientTests;
			packageProductDependencies = (
			);
			productName = CorporateTestflightClientTests;
			productReference = 39C3C0012B10B07C00F5D10D /* CorporateTestflightClientTests.xctest */;
			productType = "com.apple.product-type.bundle.unit-test";
		};
/* End PBXNativeTarget section */

/* Begin PBXProject section */
		39C3BFE32B10B07A00F5D10D /* Project object */ = {
			isa = PBXProject;
			attributes = {
				BuildIndependentTargetsInParallel = 1;
				LastSwiftUpdateCheck = 1500;
				LastUpgradeCheck = 1500;
				TargetAttributes = {
					39C3BFEA2B10B07A00F5D10D = {
						CreatedOnToolsVersion = 15.0.1;
					};
					39C3C0002B10B07C00F5D10D = {
						CreatedOnToolsVersion = 15.0.1;
						TestTargetID = 39C3BFEA2B10B07A00F5D10D;
					};
				};
			};
			buildConfigurationList = 39C3BFE62B10B07A00F5D10D /* Build configuration list for PBXProject "CorporateTestflightClient" */;
			compatibilityVersion = "Xcode 14.0";
			developmentRegion = en;
			hasScannedForEncodings = 0;
			knownRegions = (
				en,
				Base,
			);
			mainGroup = 39C3BFE22B10B07A00F5D10D;
			packageReferences = (
				3931EC642D7B216D003190A7 /* XCLocalSwiftPackageReference "../VersionsBrowser" */,
			);
			productRefGroup = 39C3BFEC2B10B07A00F5D10D /* Products */;
			projectDirPath = "";
			projectRoot = "";
			targets = (
				39C3BFEA2B10B07A00F5D10D /* CorporateTestflightClient */,
				39C3C0002B10B07C00F5D10D /* CorporateTestflightClientTests */,
			);
		};
/* End PBXProject section */

/* Begin PBXResourcesBuildPhase section */
		39C3BFE92B10B07A00F5D10D /* Resources */ = {
			isa = PBXResourcesBuildPhase;
			buildActionMask = 2147483647;
			files = (
			);
			runOnlyForDeploymentPostprocessing = 0;
		};
		39C3BFFF2B10B07C00F5D10D /* Resources */ = {
			isa = PBXResourcesBuildPhase;
			buildActionMask = 2147483647;
			files = (
			);
			runOnlyForDeploymentPostprocessing = 0;
		};
/* End PBXResourcesBuildPhase section */

/* Begin PBXSourcesBuildPhase section */
		39C3BFE72B10B07A00F5D10D /* Sources */ = {
			isa = PBXSourcesBuildPhase;
			buildActionMask = 2147483647;
			files = (
			);
			runOnlyForDeploymentPostprocessing = 0;
		};
		39C3BFFD2B10B07C00F5D10D /* Sources */ = {
			isa = PBXSourcesBuildPhase;
			buildActionMask = 2147483647;
			files = (
			);
			runOnlyForDeploymentPostprocessing = 0;
		};
/* End PBXSourcesBuildPhase section */

/* Begin PBXTargetDependency section */
		39C3C0032B10B07C00F5D10D /* PBXTargetDependency */ = {
			isa = PBXTargetDependency;
			target = 39C3BFEA2B10B07A00F5D10D /* CorporateTestflightClient */;
			targetProxy = 39C3C0022B10B07C00F5D10D /* PBXContainerItemProxy */;
		};
/* End PBXTargetDependency section */

/* Begin XCBuildConfiguration section */
		39C3C0132B10B07C00F5D10D /* Debug */ = {
			isa = XCBuildConfiguration;
			buildSettings = {
				ALWAYS_SEARCH_USER_PATHS = NO;
				ASSETCATALOG_COMPILER_GENERATE_SWIFT_ASSET_SYMBOL_EXTENSIONS = YES;
				CLANG_ANALYZER_NONNULL = YES;
				CLANG_ANALYZER_NUMBER_OBJECT_CONVERSION = YES_AGGRESSIVE;
				CLANG_CXX_LANGUAGE_STANDARD = "gnu++20";
				CLANG_ENABLE_MODULES = YES;
				CLANG_ENABLE_OBJC_ARC = YES;
				CLANG_ENABLE_OBJC_WEAK = YES;
				CLANG_WARN_BLOCK_CAPTURE_AUTORELEASING = YES;
				CLANG_WARN_BOOL_CONVERSION = YES;
				CLANG_WARN_COMMA = YES;
				CLANG_WARN_CONSTANT_CONVERSION = YES;
				CLANG_WARN_DEPRECATED_OBJC_IMPLEMENTATIONS = YES;
				CLANG_WARN_DIRECT_OBJC_ISA_USAGE = YES_ERROR;
				CLANG_WARN_DOCUMENTATION_COMMENTS = YES;
				CLANG_WARN_EMPTY_BODY = YES;
				CLANG_WARN_ENUM_CONVERSION = YES;
				CLANG_WARN_INFINITE_RECURSION = YES;
				CLANG_WARN_INT_CONVERSION = YES;
				CLANG_WARN_NON_LITERAL_NULL_CONVERSION = YES;
				CLANG_WARN_OBJC_IMPLICIT_RETAIN_SELF = YES;
				CLANG_WARN_OBJC_LITERAL_CONVERSION = YES;
				CLANG_WARN_OBJC_ROOT_CLASS = YES_ERROR;
				CLANG_WARN_QUOTED_INCLUDE_IN_FRAMEWORK_HEADER = YES;
				CLANG_WARN_RANGE_LOOP_ANALYSIS = YES;
				CLANG_WARN_STRICT_PROTOTYPES = YES;
				CLANG_WARN_SUSPICIOUS_MOVE = YES;
				CLANG_WARN_UNGUARDED_AVAILABILITY = YES_AGGRESSIVE;
				CLANG_WARN_UNREACHABLE_CODE = YES;
				CLANG_WARN__DUPLICATE_METHOD_MATCH = YES;
				COPY_PHASE_STRIP = NO;
				DEBUG_INFORMATION_FORMAT = dwarf;
				ENABLE_STRICT_OBJC_MSGSEND = YES;
				ENABLE_TESTABILITY = YES;
				ENABLE_USER_SCRIPT_SANDBOXING = YES;
				GCC_C_LANGUAGE_STANDARD = gnu17;
				GCC_DYNAMIC_NO_PIC = NO;
				GCC_NO_COMMON_BLOCKS = YES;
				GCC_OPTIMIZATION_LEVEL = 0;
				GCC_PREPROCESSOR_DEFINITIONS = (
					"DEBUG=1",
					"$(inherited)",
				);
				GCC_WARN_64_TO_32_BIT_CONVERSION = YES;
				GCC_WARN_ABOUT_RETURN_TYPE = YES_ERROR;
				GCC_WARN_UNDECLARED_SELECTOR = YES;
				GCC_WARN_UNINITIALIZED_AUTOS = YES_AGGRESSIVE;
				GCC_WARN_UNUSED_FUNCTION = YES;
				GCC_WARN_UNUSED_VARIABLE = YES;
				IPHONEOS_DEPLOYMENT_TARGET = 16.0;
				LOCALIZATION_PREFERS_STRING_CATALOGS = YES;
				MTL_ENABLE_DEBUG_INFO = INCLUDE_SOURCE;
				MTL_FAST_MATH = YES;
				ONLY_ACTIVE_ARCH = YES;
				SDKROOT = iphoneos;
				SWIFT_ACTIVE_COMPILATION_CONDITIONS = "DEBUG $(inherited)";
				SWIFT_OPTIMIZATION_LEVEL = "-Onone";
				SWIFT_STRICT_CONCURRENCY = complete;
			};
			name = Debug;
		};
		39C3C0142B10B07C00F5D10D /* Release */ = {
			isa = XCBuildConfiguration;
			buildSettings = {
				ALWAYS_SEARCH_USER_PATHS = NO;
				ASSETCATALOG_COMPILER_GENERATE_SWIFT_ASSET_SYMBOL_EXTENSIONS = YES;
				CLANG_ANALYZER_NONNULL = YES;
				CLANG_ANALYZER_NUMBER_OBJECT_CONVERSION = YES_AGGRESSIVE;
				CLANG_CXX_LANGUAGE_STANDARD = "gnu++20";
				CLANG_ENABLE_MODULES = YES;
				CLANG_ENABLE_OBJC_ARC = YES;
				CLANG_ENABLE_OBJC_WEAK = YES;
				CLANG_WARN_BLOCK_CAPTURE_AUTORELEASING = YES;
				CLANG_WARN_BOOL_CONVERSION = YES;
				CLANG_WARN_COMMA = YES;
				CLANG_WARN_CONSTANT_CONVERSION = YES;
				CLANG_WARN_DEPRECATED_OBJC_IMPLEMENTATIONS = YES;
				CLANG_WARN_DIRECT_OBJC_ISA_USAGE = YES_ERROR;
				CLANG_WARN_DOCUMENTATION_COMMENTS = YES;
				CLANG_WARN_EMPTY_BODY = YES;
				CLANG_WARN_ENUM_CONVERSION = YES;
				CLANG_WARN_INFINITE_RECURSION = YES;
				CLANG_WARN_INT_CONVERSION = YES;
				CLANG_WARN_NON_LITERAL_NULL_CONVERSION = YES;
				CLANG_WARN_OBJC_IMPLICIT_RETAIN_SELF = YES;
				CLANG_WARN_OBJC_LITERAL_CONVERSION = YES;
				CLANG_WARN_OBJC_ROOT_CLASS = YES_ERROR;
				CLANG_WARN_QUOTED_INCLUDE_IN_FRAMEWORK_HEADER = YES;
				CLANG_WARN_RANGE_LOOP_ANALYSIS = YES;
				CLANG_WARN_STRICT_PROTOTYPES = YES;
				CLANG_WARN_SUSPICIOUS_MOVE = YES;
				CLANG_WARN_UNGUARDED_AVAILABILITY = YES_AGGRESSIVE;
				CLANG_WARN_UNREACHABLE_CODE = YES;
				CLANG_WARN__DUPLICATE_METHOD_MATCH = YES;
				COPY_PHASE_STRIP = NO;
				DEBUG_INFORMATION_FORMAT = "dwarf-with-dsym";
				ENABLE_NS_ASSERTIONS = NO;
				ENABLE_STRICT_OBJC_MSGSEND = YES;
				ENABLE_USER_SCRIPT_SANDBOXING = YES;
				GCC_C_LANGUAGE_STANDARD = gnu17;
				GCC_NO_COMMON_BLOCKS = YES;
				GCC_WARN_64_TO_32_BIT_CONVERSION = YES;
				GCC_WARN_ABOUT_RETURN_TYPE = YES_ERROR;
				GCC_WARN_UNDECLARED_SELECTOR = YES;
				GCC_WARN_UNINITIALIZED_AUTOS = YES_AGGRESSIVE;
				GCC_WARN_UNUSED_FUNCTION = YES;
				GCC_WARN_UNUSED_VARIABLE = YES;
				IPHONEOS_DEPLOYMENT_TARGET = 16.0;
				LOCALIZATION_PREFERS_STRING_CATALOGS = YES;
				MTL_ENABLE_DEBUG_INFO = NO;
				MTL_FAST_MATH = YES;
				SDKROOT = iphoneos;
				SWIFT_COMPILATION_MODE = wholemodule;
				SWIFT_STRICT_CONCURRENCY = complete;
				VALIDATE_PRODUCT = YES;
			};
			name = Release;
		};
		39C3C0162B10B07C00F5D10D /* Debug */ = {
			isa = XCBuildConfiguration;
			buildSettings = {
				ASSETCATALOG_COMPILER_APPICON_NAME = AppIcon;
				ASSETCATALOG_COMPILER_GLOBAL_ACCENT_COLOR_NAME = AccentColor;
				CODE_SIGN_STYLE = Automatic;
				CURRENT_PROJECT_VERSION = 1;
				DEVELOPMENT_TEAM = TVTBG99HF3;
				GENERATE_INFOPLIST_FILE = YES;
				INFOPLIST_FILE = CorporateTestflightClient/Info.plist;
				INFOPLIST_KEY_LSApplicationCategoryType = "";
				INFOPLIST_KEY_UIApplicationSupportsIndirectInputEvents = YES;
				INFOPLIST_KEY_UILaunchStoryboardName = LaunchScreen;
				INFOPLIST_KEY_UISupportedInterfaceOrientations = UIInterfaceOrientationPortrait;
				IPHONEOS_DEPLOYMENT_TARGET = 18.0;
				LD_RUNPATH_SEARCH_PATHS = "$(inherited)";
				MARKETING_VERSION = 1.0;
				PRODUCT_BUNDLE_IDENTIFIER = com.petrachkov.CorporateTestflightClient;
				PRODUCT_NAME = "$(TARGET_NAME)";
				SWIFT_EMIT_LOC_STRINGS = YES;
				SWIFT_STRICT_CONCURRENCY = complete;
				SWIFT_VERSION = 6.0;
				TARGETED_DEVICE_FAMILY = "1,2";
			};
			name = Debug;
		};
		39C3C0172B10B07C00F5D10D /* Release */ = {
			isa = XCBuildConfiguration;
			buildSettings = {
				ASSETCATALOG_COMPILER_APPICON_NAME = AppIcon;
				ASSETCATALOG_COMPILER_GLOBAL_ACCENT_COLOR_NAME = AccentColor;
				CODE_SIGN_STYLE = Automatic;
				CURRENT_PROJECT_VERSION = 1;
				DEVELOPMENT_TEAM = TVTBG99HF3;
				GENERATE_INFOPLIST_FILE = YES;
				INFOPLIST_FILE = CorporateTestflightClient/Info.plist;
				INFOPLIST_KEY_LSApplicationCategoryType = "";
				INFOPLIST_KEY_UIApplicationSupportsIndirectInputEvents = YES;
				INFOPLIST_KEY_UILaunchStoryboardName = LaunchScreen;
				INFOPLIST_KEY_UISupportedInterfaceOrientations = UIInterfaceOrientationPortrait;
				IPHONEOS_DEPLOYMENT_TARGET = 18.0;
				LD_RUNPATH_SEARCH_PATHS = "$(inherited)";
				MARKETING_VERSION = 1.0;
				PRODUCT_BUNDLE_IDENTIFIER = com.petrachkov.CorporateTestflightClient;
				PRODUCT_NAME = "$(TARGET_NAME)";
				SWIFT_EMIT_LOC_STRINGS = YES;
				SWIFT_STRICT_CONCURRENCY = complete;
				SWIFT_VERSION = 6.0;
				TARGETED_DEVICE_FAMILY = "1,2";
			};
			name = Release;
		};
		39C3C0192B10B07C00F5D10D /* Debug */ = {
			isa = XCBuildConfiguration;
			buildSettings = {
				BUNDLE_LOADER = "$(TEST_HOST)";
				CODE_SIGN_STYLE = Automatic;
				CURRENT_PROJECT_VERSION = 1;
				GENERATE_INFOPLIST_FILE = YES;
				IPHONEOS_DEPLOYMENT_TARGET = 18.0;
				MARKETING_VERSION = 1.0;
				PRODUCT_BUNDLE_IDENTIFIER = com.petrachkov.CorporateTestflightClientTests;
				PRODUCT_NAME = "$(TARGET_NAME)";
				SWIFT_EMIT_LOC_STRINGS = NO;
				SWIFT_VERSION = 5.0;
				TARGETED_DEVICE_FAMILY = "1,2";
				TEST_HOST = "$(BUILT_PRODUCTS_DIR)/CorporateTestflightClient.app/$(BUNDLE_EXECUTABLE_FOLDER_PATH)/CorporateTestflightClient";
			};
			name = Debug;
		};
		39C3C01A2B10B07C00F5D10D /* Release */ = {
			isa = XCBuildConfiguration;
			buildSettings = {
				BUNDLE_LOADER = "$(TEST_HOST)";
				CODE_SIGN_STYLE = Automatic;
				CURRENT_PROJECT_VERSION = 1;
				GENERATE_INFOPLIST_FILE = YES;
				IPHONEOS_DEPLOYMENT_TARGET = 18.0;
				MARKETING_VERSION = 1.0;
				PRODUCT_BUNDLE_IDENTIFIER = com.petrachkov.CorporateTestflightClientTests;
				PRODUCT_NAME = "$(TARGET_NAME)";
				SWIFT_EMIT_LOC_STRINGS = NO;
				SWIFT_VERSION = 5.0;
				TARGETED_DEVICE_FAMILY = "1,2";
				TEST_HOST = "$(BUILT_PRODUCTS_DIR)/CorporateTestflightClient.app/$(BUNDLE_EXECUTABLE_FOLDER_PATH)/CorporateTestflightClient";
			};
			name = Release;
		};
/* End XCBuildConfiguration section */

/* Begin XCConfigurationList section */
		39C3BFE62B10B07A00F5D10D /* Build configuration list for PBXProject "CorporateTestflightClient" */ = {
			isa = XCConfigurationList;
			buildConfigurations = (
				39C3C0132B10B07C00F5D10D /* Debug */,
				39C3C0142B10B07C00F5D10D /* Release */,
			);
			defaultConfigurationIsVisible = 0;
			defaultConfigurationName = Release;
		};
		39C3C0152B10B07C00F5D10D /* Build configuration list for PBXNativeTarget "CorporateTestflightClient" */ = {
			isa = XCConfigurationList;
			buildConfigurations = (
				39C3C0162B10B07C00F5D10D /* Debug */,
				39C3C0172B10B07C00F5D10D /* Release */,
			);
			defaultConfigurationIsVisible = 0;
			defaultConfigurationName = Release;
		};
		39C3C0182B10B07C00F5D10D /* Build configuration list for PBXNativeTarget "CorporateTestflightClientTests" */ = {
			isa = XCConfigurationList;
			buildConfigurations = (
				39C3C0192B10B07C00F5D10D /* Debug */,
				39C3C01A2B10B07C00F5D10D /* Release */,
			);
			defaultConfigurationIsVisible = 0;
			defaultConfigurationName = Release;
		};
/* End XCConfigurationList section */

/* Begin XCLocalSwiftPackageReference section */
		3931EC642D7B216D003190A7 /* XCLocalSwiftPackageReference "../VersionsBrowser" */ = {
			isa = XCLocalSwiftPackageReference;
			relativePath = ../VersionsBrowser;
		};
/* End XCLocalSwiftPackageReference section */

/* Begin XCSwiftPackageProductDependency section */
		3931EC622D7B2138003190A7 /* CorporateTestflightDomain */ = {
			isa = XCSwiftPackageProductDependency;
			productName = CorporateTestflightDomain;
		};
		3931EC652D7B216D003190A7 /* VersionsBrowser */ = {
			isa = XCSwiftPackageProductDependency;
			productName = VersionsBrowser;
		};
		3931EC672D7B216D003190A7 /* VersionsBrowserInterface */ = {
			isa = XCSwiftPackageProductDependency;
			productName = VersionsBrowserInterface;
		};
		3931EC692D7B2181003190A7 /* TestflightNetworking */ = {
			isa = XCSwiftPackageProductDependency;
			productName = TestflightNetworking;
		};
		3931EC6B2D7B2181003190A7 /* TestflightUIKit */ = {
			isa = XCSwiftPackageProductDependency;
			productName = TestflightUIKit;
		};
		3931EC6D2D7B2194003190A7 /* ImageLoader */ = {
			isa = XCSwiftPackageProductDependency;
			productName = ImageLoader;
		};
		3931EC6F2D7B2194003190A7 /* JiraViewer */ = {
			isa = XCSwiftPackageProductDependency;
			productName = JiraViewer;
		};
		3931EC712D7B2194003190A7 /* JiraViewerInterface */ = {
			isa = XCSwiftPackageProductDependency;
			productName = JiraViewerInterface;
		};
		3931EC732D7B2194003190A7 /* QRReader */ = {
			isa = XCSwiftPackageProductDependency;
			productName = QRReader;
		};
		3931EC752D7B2194003190A7 /* QRReaderInterface */ = {
			isa = XCSwiftPackageProductDependency;
			productName = QRReaderInterface;
		};
		3931EC772D7B2194003190A7 /* SimpleDI */ = {
			isa = XCSwiftPackageProductDependency;
			productName = SimpleDI;
		};
		3931EC792D7B2194003190A7 /* UniFlow */ = {
			isa = XCSwiftPackageProductDependency;
			productName = UniFlow;
		};
		39AF5C4E2D7EF67100A53A76 /* TestflightFoundation */ = {
			isa = XCSwiftPackageProductDependency;
			productName = TestflightFoundation;
		};
/* End XCSwiftPackageProductDependency section */
	};
	rootObject = 39C3BFE32B10B07A00F5D10D /* Project object */;
}
